// !$*UTF8*$!
{
	archiveVersion = 1;
	classes = {
	};
	objectVersion = 55;
	objects = {

/* Begin PBXBuildFile section */
		93CA88FD54AD4673BB703EB1 /* libPods-CombineSample.a in Frameworks */ = {isa = PBXBuildFile; fileRef = 346DA510B950C83B1F05BFBF /* libPods-CombineSample.a */; };
		9E63411D27771B39007652B7 /* AppDelegate.swift in Sources */ = {isa = PBXBuildFile; fileRef = 9E63411C27771B39007652B7 /* AppDelegate.swift */; };
		9E63411F27771B39007652B7 /* SceneDelegate.swift in Sources */ = {isa = PBXBuildFile; fileRef = 9E63411E27771B39007652B7 /* SceneDelegate.swift */; };
		9E63412127771B39007652B7 /* ViewController.swift in Sources */ = {isa = PBXBuildFile; fileRef = 9E63412027771B39007652B7 /* ViewController.swift */; };
		9E63412427771B39007652B7 /* Main.storyboard in Resources */ = {isa = PBXBuildFile; fileRef = 9E63412227771B39007652B7 /* Main.storyboard */; };
		9E63412627771B40007652B7 /* Assets.xcassets in Resources */ = {isa = PBXBuildFile; fileRef = 9E63412527771B40007652B7 /* Assets.xcassets */; };
		9E63412927771B40007652B7 /* LaunchScreen.storyboard in Resources */ = {isa = PBXBuildFile; fileRef = 9E63412727771B40007652B7 /* LaunchScreen.storyboard */; };
		9E63413F27771DE4007652B7 /* UICollectionVIew+Extension.swift in Sources */ = {isa = PBXBuildFile; fileRef = 9E63413127771DE4007652B7 /* UICollectionVIew+Extension.swift */; };
		9E63414027771DE4007652B7 /* SearchResponse.swift in Sources */ = {isa = PBXBuildFile; fileRef = 9E63413327771DE4007652B7 /* SearchResponse.swift */; };
		9E63414127771DE4007652B7 /* WikipediaAPI.swift in Sources */ = {isa = PBXBuildFile; fileRef = 9E63413527771DE4007652B7 /* WikipediaAPI.swift */; };
		9E63414227771DE4007652B7 /* WikipediaAPI+Moya.swift in Sources */ = {isa = PBXBuildFile; fileRef = 9E63413627771DE4007652B7 /* WikipediaAPI+Moya.swift */; };
		9E63414327771DE4007652B7 /* PageId.swift in Sources */ = {isa = PBXBuildFile; fileRef = 9E63413827771DE4007652B7 /* PageId.swift */; };
		9E63414427771DE4007652B7 /* SearchResultItemCell.swift in Sources */ = {isa = PBXBuildFile; fileRef = 9E63413A27771DE4007652B7 /* SearchResultItemCell.swift */; };
		9E63414527771DE4007652B7 /* SearchResultItemCell.xib in Resources */ = {isa = PBXBuildFile; fileRef = 9E63413B27771DE4007652B7 /* SearchResultItemCell.xib */; };
		9E63414627771DE4007652B7 /* SearchResultItemModel.swift in Sources */ = {isa = PBXBuildFile; fileRef = 9E63413D27771DE4007652B7 /* SearchResultItemModel.swift */; };
		9E63414727771DE4007652B7 /* DetailModel.swift in Sources */ = {isa = PBXBuildFile; fileRef = 9E63413E27771DE4007652B7 /* DetailModel.swift */; };
		9E63414927771E73007652B7 /* SearchModel.swift in Sources */ = {isa = PBXBuildFile; fileRef = 9E63414827771E73007652B7 /* SearchModel.swift */; };
		9E63414B27771EAD007652B7 /* DataStore.swift in Sources */ = {isa = PBXBuildFile; fileRef = 9E63414A27771EAD007652B7 /* DataStore.swift */; };
		9E63414E2777501C007652B7 /* Repository.swift in Sources */ = {isa = PBXBuildFile; fileRef = 9E63414D2777501C007652B7 /* Repository.swift */; };
		9E63415427775357007652B7 /* SearchViewModelType.swift in Sources */ = {isa = PBXBuildFile; fileRef = 9E63415027775357007652B7 /* SearchViewModelType.swift */; };
		9E63415527775357007652B7 /* SearchViewModel.swift in Sources */ = {isa = PBXBuildFile; fileRef = 9E63415127775357007652B7 /* SearchViewModel.swift */; };
		9E63415627775357007652B7 /* DetailViewModel.swift in Sources */ = {isa = PBXBuildFile; fileRef = 9E63415227775357007652B7 /* DetailViewModel.swift */; };
		9E63415727775357007652B7 /* DetailViewModelType.swift in Sources */ = {isa = PBXBuildFile; fileRef = 9E63415327775357007652B7 /* DetailViewModelType.swift */; };
		9E63415A27776C88007652B7 /* CombineAction in Frameworks */ = {isa = PBXBuildFile; productRef = 9E63415927776C88007652B7 /* CombineAction */; };
		9E63415D27784179007652B7 /* DetailViewController.swift in Sources */ = {isa = PBXBuildFile; fileRef = 9E63415C27784179007652B7 /* DetailViewController.swift */; };
/* End PBXBuildFile section */

/* Begin PBXFileReference section */
		346DA510B950C83B1F05BFBF /* libPods-CombineSample.a */ = {isa = PBXFileReference; explicitFileType = archive.ar; includeInIndex = 0; path = "libPods-CombineSample.a"; sourceTree = BUILT_PRODUCTS_DIR; };
		9E63411927771B38007652B7 /* CombineSample.app */ = {isa = PBXFileReference; explicitFileType = wrapper.application; includeInIndex = 0; path = CombineSample.app; sourceTree = BUILT_PRODUCTS_DIR; };
		9E63411C27771B39007652B7 /* AppDelegate.swift */ = {isa = PBXFileReference; lastKnownFileType = sourcecode.swift; path = AppDelegate.swift; sourceTree = "<group>"; };
		9E63411E27771B39007652B7 /* SceneDelegate.swift */ = {isa = PBXFileReference; lastKnownFileType = sourcecode.swift; path = SceneDelegate.swift; sourceTree = "<group>"; };
		9E63412027771B39007652B7 /* ViewController.swift */ = {isa = PBXFileReference; lastKnownFileType = sourcecode.swift; path = ViewController.swift; sourceTree = "<group>"; };
		9E63412327771B39007652B7 /* Base */ = {isa = PBXFileReference; lastKnownFileType = file.storyboard; name = Base; path = Base.lproj/Main.storyboard; sourceTree = "<group>"; };
		9E63412527771B40007652B7 /* Assets.xcassets */ = {isa = PBXFileReference; lastKnownFileType = folder.assetcatalog; path = Assets.xcassets; sourceTree = "<group>"; };
		9E63412827771B40007652B7 /* Base */ = {isa = PBXFileReference; lastKnownFileType = file.storyboard; name = Base; path = Base.lproj/LaunchScreen.storyboard; sourceTree = "<group>"; };
		9E63412A27771B40007652B7 /* Info.plist */ = {isa = PBXFileReference; lastKnownFileType = text.plist.xml; path = Info.plist; sourceTree = "<group>"; };
		9E63413127771DE4007652B7 /* UICollectionVIew+Extension.swift */ = {isa = PBXFileReference; fileEncoding = 4; lastKnownFileType = sourcecode.swift; path = "UICollectionVIew+Extension.swift"; sourceTree = "<group>"; };
		9E63413327771DE4007652B7 /* SearchResponse.swift */ = {isa = PBXFileReference; fileEncoding = 4; lastKnownFileType = sourcecode.swift; path = SearchResponse.swift; sourceTree = "<group>"; };
		9E63413527771DE4007652B7 /* WikipediaAPI.swift */ = {isa = PBXFileReference; fileEncoding = 4; lastKnownFileType = sourcecode.swift; path = WikipediaAPI.swift; sourceTree = "<group>"; };
		9E63413627771DE4007652B7 /* WikipediaAPI+Moya.swift */ = {isa = PBXFileReference; fileEncoding = 4; lastKnownFileType = sourcecode.swift; path = "WikipediaAPI+Moya.swift"; sourceTree = "<group>"; };
		9E63413827771DE4007652B7 /* PageId.swift */ = {isa = PBXFileReference; fileEncoding = 4; lastKnownFileType = sourcecode.swift; path = PageId.swift; sourceTree = "<group>"; };
		9E63413A27771DE4007652B7 /* SearchResultItemCell.swift */ = {isa = PBXFileReference; fileEncoding = 4; lastKnownFileType = sourcecode.swift; path = SearchResultItemCell.swift; sourceTree = "<group>"; };
		9E63413B27771DE4007652B7 /* SearchResultItemCell.xib */ = {isa = PBXFileReference; fileEncoding = 4; lastKnownFileType = file.xib; path = SearchResultItemCell.xib; sourceTree = "<group>"; };
		9E63413D27771DE4007652B7 /* SearchResultItemModel.swift */ = {isa = PBXFileReference; fileEncoding = 4; lastKnownFileType = sourcecode.swift; path = SearchResultItemModel.swift; sourceTree = "<group>"; };
		9E63413E27771DE4007652B7 /* DetailModel.swift */ = {isa = PBXFileReference; fileEncoding = 4; lastKnownFileType = sourcecode.swift; path = DetailModel.swift; sourceTree = "<group>"; };
		9E63414827771E73007652B7 /* SearchModel.swift */ = {isa = PBXFileReference; fileEncoding = 4; lastKnownFileType = sourcecode.swift; name = SearchModel.swift; path = CombineSample/Model/SearchModel.swift; sourceTree = SOURCE_ROOT; };
		9E63414A27771EAD007652B7 /* DataStore.swift */ = {isa = PBXFileReference; fileEncoding = 4; lastKnownFileType = sourcecode.swift; name = DataStore.swift; path = CombineSample/DataStore/DataStore.swift; sourceTree = SOURCE_ROOT; };
		9E63414D2777501C007652B7 /* Repository.swift */ = {isa = PBXFileReference; fileEncoding = 4; lastKnownFileType = sourcecode.swift; path = Repository.swift; sourceTree = "<group>"; };
		9E63415027775357007652B7 /* SearchViewModelType.swift */ = {isa = PBXFileReference; fileEncoding = 4; lastKnownFileType = sourcecode.swift; path = SearchViewModelType.swift; sourceTree = "<group>"; };
		9E63415127775357007652B7 /* SearchViewModel.swift */ = {isa = PBXFileReference; fileEncoding = 4; lastKnownFileType = sourcecode.swift; path = SearchViewModel.swift; sourceTree = "<group>"; };
		9E63415227775357007652B7 /* DetailViewModel.swift */ = {isa = PBXFileReference; fileEncoding = 4; lastKnownFileType = sourcecode.swift; path = DetailViewModel.swift; sourceTree = "<group>"; };
		9E63415327775357007652B7 /* DetailViewModelType.swift */ = {isa = PBXFileReference; fileEncoding = 4; lastKnownFileType = sourcecode.swift; path = DetailViewModelType.swift; sourceTree = "<group>"; };
		9E63415C27784179007652B7 /* DetailViewController.swift */ = {isa = PBXFileReference; lastKnownFileType = sourcecode.swift; path = DetailViewController.swift; sourceTree = "<group>"; };
		D49D72A28BF25B42F8B61D26 /* Pods-CombineSample.release.xcconfig */ = {isa = PBXFileReference; includeInIndex = 1; lastKnownFileType = text.xcconfig; name = "Pods-CombineSample.release.xcconfig"; path = "Target Support Files/Pods-CombineSample/Pods-CombineSample.release.xcconfig"; sourceTree = "<group>"; };
		F35126172110A79A3C2399BC /* Pods-CombineSample.debug.xcconfig */ = {isa = PBXFileReference; includeInIndex = 1; lastKnownFileType = text.xcconfig; name = "Pods-CombineSample.debug.xcconfig"; path = "Target Support Files/Pods-CombineSample/Pods-CombineSample.debug.xcconfig"; sourceTree = "<group>"; };
/* End PBXFileReference section */

/* Begin PBXFrameworksBuildPhase section */
		9E63411627771B38007652B7 /* Frameworks */ = {
			isa = PBXFrameworksBuildPhase;
			buildActionMask = 2147483647;
			files = (
				9E63415A27776C88007652B7 /* CombineAction in Frameworks */,
				93CA88FD54AD4673BB703EB1 /* libPods-CombineSample.a in Frameworks */,
			);
			runOnlyForDeploymentPostprocessing = 0;
		};
/* End PBXFrameworksBuildPhase section */

/* Begin PBXGroup section */
		1B09082BBEE0F88B24052213 /* Pods */ = {
			isa = PBXGroup;
			children = (
				F35126172110A79A3C2399BC /* Pods-CombineSample.debug.xcconfig */,
				D49D72A28BF25B42F8B61D26 /* Pods-CombineSample.release.xcconfig */,
			);
			path = Pods;
			sourceTree = "<group>";
		};
		1DF79BBA984316C0236A2874 /* Frameworks */ = {
			isa = PBXGroup;
			children = (
				346DA510B950C83B1F05BFBF /* libPods-CombineSample.a */,
			);
			name = Frameworks;
			sourceTree = "<group>";
		};
		9E63411027771B38007652B7 = {
			isa = PBXGroup;
			children = (
				9E63411B27771B39007652B7 /* CombineSample */,
				9E63411A27771B39007652B7 /* Products */,
				1B09082BBEE0F88B24052213 /* Pods */,
				1DF79BBA984316C0236A2874 /* Frameworks */,
			);
			sourceTree = "<group>";
		};
		9E63411A27771B39007652B7 /* Products */ = {
			isa = PBXGroup;
			children = (
				9E63411927771B38007652B7 /* CombineSample.app */,
			);
			name = Products;
			sourceTree = "<group>";
		};
		9E63411B27771B39007652B7 /* CombineSample */ = {
			isa = PBXGroup;
			children = (
				9E63413427771DE4007652B7 /* DataStore */,
				9E63414C2777501C007652B7 /* Repository */,
				9E63413227771DE4007652B7 /* Entity */,
				9E63413027771DE4007652B7 /* Extension */,
				9E63413C27771DE4007652B7 /* Model */,
				9E63413727771DE4007652B7 /* ValueObject */,
				9E63413927771DE4007652B7 /* View */,
				9E63414F27775357007652B7 /* ViewModel */,
				9E63415B2778410B007652B7 /* ViewController */,
				9E63411C27771B39007652B7 /* AppDelegate.swift */,
				9E63411E27771B39007652B7 /* SceneDelegate.swift */,
				9E63412227771B39007652B7 /* Main.storyboard */,
				9E63412527771B40007652B7 /* Assets.xcassets */,
				9E63412727771B40007652B7 /* LaunchScreen.storyboard */,
				9E63412A27771B40007652B7 /* Info.plist */,
			);
			path = CombineSample;
			sourceTree = "<group>";
		};
		9E63413027771DE4007652B7 /* Extension */ = {
			isa = PBXGroup;
			children = (
				9E63413127771DE4007652B7 /* UICollectionVIew+Extension.swift */,
			);
			name = Extension;
			path = ../../Common/Extension;
			sourceTree = "<group>";
		};
		9E63413227771DE4007652B7 /* Entity */ = {
			isa = PBXGroup;
			children = (
				9E63413327771DE4007652B7 /* SearchResponse.swift */,
			);
			name = Entity;
			path = ../../Common/Entity;
			sourceTree = "<group>";
		};
		9E63413427771DE4007652B7 /* DataStore */ = {
			isa = PBXGroup;
			children = (
				9E63414A27771EAD007652B7 /* DataStore.swift */,
				9E63413527771DE4007652B7 /* WikipediaAPI.swift */,
				9E63413627771DE4007652B7 /* WikipediaAPI+Moya.swift */,
			);
			name = DataStore;
			path = ../../Common/DataStore;
			sourceTree = "<group>";
		};
		9E63413727771DE4007652B7 /* ValueObject */ = {
			isa = PBXGroup;
			children = (
				9E63413827771DE4007652B7 /* PageId.swift */,
			);
			name = ValueObject;
			path = ../../Common/ValueObject;
			sourceTree = "<group>";
		};
		9E63413927771DE4007652B7 /* View */ = {
			isa = PBXGroup;
			children = (
				9E63413A27771DE4007652B7 /* SearchResultItemCell.swift */,
				9E63413B27771DE4007652B7 /* SearchResultItemCell.xib */,
			);
			name = View;
			path = ../../Common/View;
			sourceTree = "<group>";
		};
		9E63413C27771DE4007652B7 /* Model */ = {
			isa = PBXGroup;
			children = (
				9E63414827771E73007652B7 /* SearchModel.swift */,
				9E63413D27771DE4007652B7 /* SearchResultItemModel.swift */,
				9E63413E27771DE4007652B7 /* DetailModel.swift */,
			);
			name = Model;
			path = ../../Common/Model;
			sourceTree = "<group>";
		};
		9E63414C2777501C007652B7 /* Repository */ = {
			isa = PBXGroup;
			children = (
				9E63414D2777501C007652B7 /* Repository.swift */,
			);
			path = Repository;
			sourceTree = "<group>";
		};
		9E63414F27775357007652B7 /* ViewModel */ = {
			isa = PBXGroup;
			children = (
				9E63415027775357007652B7 /* SearchViewModelType.swift */,
				9E63415127775357007652B7 /* SearchViewModel.swift */,
				9E63415227775357007652B7 /* DetailViewModel.swift */,
				9E63415327775357007652B7 /* DetailViewModelType.swift */,
			);
			path = ViewModel;
			sourceTree = "<group>";
		};
		9E63415B2778410B007652B7 /* ViewController */ = {
			isa = PBXGroup;
			children = (
				9E63412027771B39007652B7 /* ViewController.swift */,
				9E63415C27784179007652B7 /* DetailViewController.swift */,
			);
			path = ViewController;
			sourceTree = "<group>";
		};
/* End PBXGroup section */

/* Begin PBXNativeTarget section */
		9E63411827771B38007652B7 /* CombineSample */ = {
			isa = PBXNativeTarget;
			buildConfigurationList = 9E63412D27771B40007652B7 /* Build configuration list for PBXNativeTarget "CombineSample" */;
			buildPhases = (
				EED5806BDD9BCD084DC4DEF0 /* [CP] Check Pods Manifest.lock */,
				9EF56CC8277AC2F300744278 /* SwiftFormat */,
				9E63411527771B38007652B7 /* Sources */,
				9E63411627771B38007652B7 /* Frameworks */,
				9E63411727771B38007652B7 /* Resources */,
			);
			buildRules = (
			);
			dependencies = (
			);
			name = CombineSample;
			packageProductDependencies = (
				9E63415927776C88007652B7 /* CombineAction */,
			);
			productName = CombineSample;
			productReference = 9E63411927771B38007652B7 /* CombineSample.app */;
			productType = "com.apple.product-type.application";
		};
/* End PBXNativeTarget section */

/* Begin PBXProject section */
		9E63411127771B38007652B7 /* Project object */ = {
			isa = PBXProject;
			attributes = {
				BuildIndependentTargetsInParallel = 1;
				LastSwiftUpdateCheck = 1320;
				LastUpgradeCheck = 1320;
				TargetAttributes = {
					9E63411827771B38007652B7 = {
						CreatedOnToolsVersion = 13.2.1;
					};
				};
			};
			buildConfigurationList = 9E63411427771B38007652B7 /* Build configuration list for PBXProject "CombineSample" */;
			compatibilityVersion = "Xcode 13.0";
			developmentRegion = en;
			hasScannedForEncodings = 0;
			knownRegions = (
				en,
				Base,
			);
			mainGroup = 9E63411027771B38007652B7;
			packageReferences = (
				9E63415827776C88007652B7 /* XCRemoteSwiftPackageReference "CombineAction" */,
			);
			productRefGroup = 9E63411A27771B39007652B7 /* Products */;
			projectDirPath = "";
			projectRoot = "";
			targets = (
				9E63411827771B38007652B7 /* CombineSample */,
			);
		};
/* End PBXProject section */

/* Begin PBXResourcesBuildPhase section */
		9E63411727771B38007652B7 /* Resources */ = {
			isa = PBXResourcesBuildPhase;
			buildActionMask = 2147483647;
			files = (
				9E63412927771B40007652B7 /* LaunchScreen.storyboard in Resources */,
				9E63414527771DE4007652B7 /* SearchResultItemCell.xib in Resources */,
				9E63412627771B40007652B7 /* Assets.xcassets in Resources */,
				9E63412427771B39007652B7 /* Main.storyboard in Resources */,
			);
			runOnlyForDeploymentPostprocessing = 0;
		};
/* End PBXResourcesBuildPhase section */

/* Begin PBXShellScriptBuildPhase section */
		9EF56CC8277AC2F300744278 /* SwiftFormat */ = {
			isa = PBXShellScriptBuildPhase;
			buildActionMask = 2147483647;
			files = (
			);
			inputFileListPaths = (
			);
			inputPaths = (
			);
			name = SwiftFormat;
			outputFileListPaths = (
			);
			outputPaths = (
			);
			runOnlyForDeploymentPostprocessing = 0;
			shellPath = /bin/sh;
			shellScript = "\"${PODS_ROOT}/SwiftFormat/CommandLineTool/swiftformat\" \"$SRCROOT\"\n";
		};
		EED5806BDD9BCD084DC4DEF0 /* [CP] Check Pods Manifest.lock */ = {
			isa = PBXShellScriptBuildPhase;
			buildActionMask = 2147483647;
			files = (
			);
			inputFileListPaths = (
			);
			inputPaths = (
				"${PODS_PODFILE_DIR_PATH}/Podfile.lock",
				"${PODS_ROOT}/Manifest.lock",
			);
			name = "[CP] Check Pods Manifest.lock";
			outputFileListPaths = (
			);
			outputPaths = (
				"$(DERIVED_FILE_DIR)/Pods-CombineSample-checkManifestLockResult.txt",
			);
			runOnlyForDeploymentPostprocessing = 0;
			shellPath = /bin/sh;
			shellScript = "diff \"${PODS_PODFILE_DIR_PATH}/Podfile.lock\" \"${PODS_ROOT}/Manifest.lock\" > /dev/null\nif [ $? != 0 ] ; then\n    # print error to STDERR\n    echo \"error: The sandbox is not in sync with the Podfile.lock. Run 'pod install' or update your CocoaPods installation.\" >&2\n    exit 1\nfi\n# This output is used by Xcode 'outputs' to avoid re-running this script phase.\necho \"SUCCESS\" > \"${SCRIPT_OUTPUT_FILE_0}\"\n";
			showEnvVarsInLog = 0;
		};
/* End PBXShellScriptBuildPhase section */

/* Begin PBXSourcesBuildPhase section */
		9E63411527771B38007652B7 /* Sources */ = {
			isa = PBXSourcesBuildPhase;
			buildActionMask = 2147483647;
			files = (
				9E63415627775357007652B7 /* DetailViewModel.swift in Sources */,
				9E63414B27771EAD007652B7 /* DataStore.swift in Sources */,
				9E63414227771DE4007652B7 /* WikipediaAPI+Moya.swift in Sources */,
				9E63415527775357007652B7 /* SearchViewModel.swift in Sources */,
				9E63414327771DE4007652B7 /* PageId.swift in Sources */,
				9E63413F27771DE4007652B7 /* UICollectionVIew+Extension.swift in Sources */,
				9E63414927771E73007652B7 /* SearchModel.swift in Sources */,
				9E63414427771DE4007652B7 /* SearchResultItemCell.swift in Sources */,
				9E63414027771DE4007652B7 /* SearchResponse.swift in Sources */,
				9E63415727775357007652B7 /* DetailViewModelType.swift in Sources */,
				9E63415D27784179007652B7 /* DetailViewController.swift in Sources */,
				9E63414E2777501C007652B7 /* Repository.swift in Sources */,
				9E63412127771B39007652B7 /* ViewController.swift in Sources */,
				9E63411D27771B39007652B7 /* AppDelegate.swift in Sources */,
				9E63415427775357007652B7 /* SearchViewModelType.swift in Sources */,
				9E63414127771DE4007652B7 /* WikipediaAPI.swift in Sources */,
				9E63411F27771B39007652B7 /* SceneDelegate.swift in Sources */,
				9E63414727771DE4007652B7 /* DetailModel.swift in Sources */,
				9E63414627771DE4007652B7 /* SearchResultItemModel.swift in Sources */,
			);
			runOnlyForDeploymentPostprocessing = 0;
		};
/* End PBXSourcesBuildPhase section */

/* Begin PBXVariantGroup section */
		9E63412227771B39007652B7 /* Main.storyboard */ = {
			isa = PBXVariantGroup;
			children = (
				9E63412327771B39007652B7 /* Base */,
			);
			name = Main.storyboard;
			sourceTree = "<group>";
		};
		9E63412727771B40007652B7 /* LaunchScreen.storyboard */ = {
			isa = PBXVariantGroup;
			children = (
				9E63412827771B40007652B7 /* Base */,
			);
			name = LaunchScreen.storyboard;
			sourceTree = "<group>";
		};
/* End PBXVariantGroup section */

/* Begin XCBuildConfiguration section */
		9E63412B27771B40007652B7 /* Debug */ = {
			isa = XCBuildConfiguration;
			buildSettings = {
				ALWAYS_SEARCH_USER_PATHS = NO;
				CLANG_ANALYZER_NONNULL = YES;
				CLANG_ANALYZER_NUMBER_OBJECT_CONVERSION = YES_AGGRESSIVE;
				CLANG_CXX_LANGUAGE_STANDARD = "gnu++17";
				CLANG_CXX_LIBRARY = "libc++";
				CLANG_ENABLE_MODULES = YES;
				CLANG_ENABLE_OBJC_ARC = YES;
				CLANG_ENABLE_OBJC_WEAK = YES;
				CLANG_WARN_BLOCK_CAPTURE_AUTORELEASING = YES;
				CLANG_WARN_BOOL_CONVERSION = YES;
				CLANG_WARN_COMMA = YES;
				CLANG_WARN_CONSTANT_CONVERSION = YES;
				CLANG_WARN_DEPRECATED_OBJC_IMPLEMENTATIONS = YES;
				CLANG_WARN_DIRECT_OBJC_ISA_USAGE = YES_ERROR;
				CLANG_WARN_DOCUMENTATION_COMMENTS = YES;
				CLANG_WARN_EMPTY_BODY = YES;
				CLANG_WARN_ENUM_CONVERSION = YES;
				CLANG_WARN_INFINITE_RECURSION = YES;
				CLANG_WARN_INT_CONVERSION = YES;
				CLANG_WARN_NON_LITERAL_NULL_CONVERSION = YES;
				CLANG_WARN_OBJC_IMPLICIT_RETAIN_SELF = YES;
				CLANG_WARN_OBJC_LITERAL_CONVERSION = YES;
				CLANG_WARN_OBJC_ROOT_CLASS = YES_ERROR;
				CLANG_WARN_QUOTED_INCLUDE_IN_FRAMEWORK_HEADER = YES;
				CLANG_WARN_RANGE_LOOP_ANALYSIS = YES;
				CLANG_WARN_STRICT_PROTOTYPES = YES;
				CLANG_WARN_SUSPICIOUS_MOVE = YES;
				CLANG_WARN_UNGUARDED_AVAILABILITY = YES_AGGRESSIVE;
				CLANG_WARN_UNREACHABLE_CODE = YES;
				CLANG_WARN__DUPLICATE_METHOD_MATCH = YES;
				COPY_PHASE_STRIP = NO;
				DEBUG_INFORMATION_FORMAT = dwarf;
				ENABLE_STRICT_OBJC_MSGSEND = YES;
				ENABLE_TESTABILITY = YES;
				GCC_C_LANGUAGE_STANDARD = gnu11;
				GCC_DYNAMIC_NO_PIC = NO;
				GCC_NO_COMMON_BLOCKS = YES;
				GCC_OPTIMIZATION_LEVEL = 0;
				GCC_PREPROCESSOR_DEFINITIONS = (
					"DEBUG=1",
					"$(inherited)",
				);
				GCC_WARN_64_TO_32_BIT_CONVERSION = YES;
				GCC_WARN_ABOUT_RETURN_TYPE = YES_ERROR;
				GCC_WARN_UNDECLARED_SELECTOR = YES;
				GCC_WARN_UNINITIALIZED_AUTOS = YES_AGGRESSIVE;
				GCC_WARN_UNUSED_FUNCTION = YES;
				GCC_WARN_UNUSED_VARIABLE = YES;
				IPHONEOS_DEPLOYMENT_TARGET = 15.2;
				MTL_ENABLE_DEBUG_INFO = INCLUDE_SOURCE;
				MTL_FAST_MATH = YES;
				ONLY_ACTIVE_ARCH = YES;
				SDKROOT = iphoneos;
				SWIFT_ACTIVE_COMPILATION_CONDITIONS = DEBUG;
				SWIFT_OPTIMIZATION_LEVEL = "-Onone";
			};
			name = Debug;
		};
		9E63412C27771B40007652B7 /* Release */ = {
			isa = XCBuildConfiguration;
			buildSettings = {
				ALWAYS_SEARCH_USER_PATHS = NO;
				CLANG_ANALYZER_NONNULL = YES;
				CLANG_ANALYZER_NUMBER_OBJECT_CONVERSION = YES_AGGRESSIVE;
				CLANG_CXX_LANGUAGE_STANDARD = "gnu++17";
				CLANG_CXX_LIBRARY = "libc++";
				CLANG_ENABLE_MODULES = YES;
				CLANG_ENABLE_OBJC_ARC = YES;
				CLANG_ENABLE_OBJC_WEAK = YES;
				CLANG_WARN_BLOCK_CAPTURE_AUTORELEASING = YES;
				CLANG_WARN_BOOL_CONVERSION = YES;
				CLANG_WARN_COMMA = YES;
				CLANG_WARN_CONSTANT_CONVERSION = YES;
				CLANG_WARN_DEPRECATED_OBJC_IMPLEMENTATIONS = YES;
				CLANG_WARN_DIRECT_OBJC_ISA_USAGE = YES_ERROR;
				CLANG_WARN_DOCUMENTATION_COMMENTS = YES;
				CLANG_WARN_EMPTY_BODY = YES;
				CLANG_WARN_ENUM_CONVERSION = YES;
				CLANG_WARN_INFINITE_RECURSION = YES;
				CLANG_WARN_INT_CONVERSION = YES;
				CLANG_WARN_NON_LITERAL_NULL_CONVERSION = YES;
				CLANG_WARN_OBJC_IMPLICIT_RETAIN_SELF = YES;
				CLANG_WARN_OBJC_LITERAL_CONVERSION = YES;
				CLANG_WARN_OBJC_ROOT_CLASS = YES_ERROR;
				CLANG_WARN_QUOTED_INCLUDE_IN_FRAMEWORK_HEADER = YES;
				CLANG_WARN_RANGE_LOOP_ANALYSIS = YES;
				CLANG_WARN_STRICT_PROTOTYPES = YES;
				CLANG_WARN_SUSPICIOUS_MOVE = YES;
				CLANG_WARN_UNGUARDED_AVAILABILITY = YES_AGGRESSIVE;
				CLANG_WARN_UNREACHABLE_CODE = YES;
				CLANG_WARN__DUPLICATE_METHOD_MATCH = YES;
				COPY_PHASE_STRIP = NO;
				DEBUG_INFORMATION_FORMAT = "dwarf-with-dsym";
				ENABLE_NS_ASSERTIONS = NO;
				ENABLE_STRICT_OBJC_MSGSEND = YES;
				GCC_C_LANGUAGE_STANDARD = gnu11;
				GCC_NO_COMMON_BLOCKS = YES;
				GCC_WARN_64_TO_32_BIT_CONVERSION = YES;
				GCC_WARN_ABOUT_RETURN_TYPE = YES_ERROR;
				GCC_WARN_UNDECLARED_SELECTOR = YES;
				GCC_WARN_UNINITIALIZED_AUTOS = YES_AGGRESSIVE;
				GCC_WARN_UNUSED_FUNCTION = YES;
				GCC_WARN_UNUSED_VARIABLE = YES;
				IPHONEOS_DEPLOYMENT_TARGET = 15.2;
				MTL_ENABLE_DEBUG_INFO = NO;
				MTL_FAST_MATH = YES;
				SDKROOT = iphoneos;
				SWIFT_COMPILATION_MODE = wholemodule;
				SWIFT_OPTIMIZATION_LEVEL = "-O";
				VALIDATE_PRODUCT = YES;
			};
			name = Release;
		};
		9E63412E27771B40007652B7 /* Debug */ = {
			isa = XCBuildConfiguration;
			baseConfigurationReference = F35126172110A79A3C2399BC /* Pods-CombineSample.debug.xcconfig */;
			buildSettings = {
				ASSETCATALOG_COMPILER_APPICON_NAME = AppIcon;
				ASSETCATALOG_COMPILER_GLOBAL_ACCENT_COLOR_NAME = AccentColor;
				CODE_SIGN_STYLE = Automatic;
				CURRENT_PROJECT_VERSION = 1;
				DEVELOPMENT_TEAM = L5V9SWFQ7U;
				GENERATE_INFOPLIST_FILE = YES;
				INFOPLIST_FILE = CombineSample/Info.plist;
				INFOPLIST_KEY_UIApplicationSupportsIndirectInputEvents = YES;
				INFOPLIST_KEY_UILaunchStoryboardName = LaunchScreen;
				INFOPLIST_KEY_UIMainStoryboardFile = Main;
				INFOPLIST_KEY_UISupportedInterfaceOrientations_iPad = "UIInterfaceOrientationPortrait UIInterfaceOrientationPortraitUpsideDown UIInterfaceOrientationLandscapeLeft UIInterfaceOrientationLandscapeRight";
				INFOPLIST_KEY_UISupportedInterfaceOrientations_iPhone = "UIInterfaceOrientationPortrait UIInterfaceOrientationLandscapeLeft UIInterfaceOrientationLandscapeRight";
				IPHONEOS_DEPLOYMENT_TARGET = 13.0;
				LD_RUNPATH_SEARCH_PATHS = (
					"$(inherited)",
					"@executable_path/Frameworks",
				);
				MARKETING_VERSION = 1.0;
				PRODUCT_BUNDLE_IDENTIFIER = work.d128.CombineSample;
				PRODUCT_NAME = "$(TARGET_NAME)";
				SWIFT_EMIT_LOC_STRINGS = YES;
				SWIFT_VERSION = 5.0;
				TARGETED_DEVICE_FAMILY = "1,2";
			};
			name = Debug;
		};
		9E63412F27771B40007652B7 /* Release */ = {
			isa = XCBuildConfiguration;
			baseConfigurationReference = D49D72A28BF25B42F8B61D26 /* Pods-CombineSample.release.xcconfig */;
			buildSettings = {
				ASSETCATALOG_COMPILER_APPICON_NAME = AppIcon;
				ASSETCATALOG_COMPILER_GLOBAL_ACCENT_COLOR_NAME = AccentColor;
				CODE_SIGN_STYLE = Automatic;
				CURRENT_PROJECT_VERSION = 1;
				DEVELOPMENT_TEAM = L5V9SWFQ7U;
				GENERATE_INFOPLIST_FILE = YES;
				INFOPLIST_FILE = CombineSample/Info.plist;
				INFOPLIST_KEY_UIApplicationSupportsIndirectInputEvents = YES;
				INFOPLIST_KEY_UILaunchStoryboardName = LaunchScreen;
				INFOPLIST_KEY_UIMainStoryboardFile = Main;
				INFOPLIST_KEY_UISupportedInterfaceOrientations_iPad = "UIInterfaceOrientationPortrait UIInterfaceOrientationPortraitUpsideDown UIInterfaceOrientationLandscapeLeft UIInterfaceOrientationLandscapeRight";
				INFOPLIST_KEY_UISupportedInterfaceOrientations_iPhone = "UIInterfaceOrientationPortrait UIInterfaceOrientationLandscapeLeft UIInterfaceOrientationLandscapeRight";
				IPHONEOS_DEPLOYMENT_TARGET = 13.0;
				LD_RUNPATH_SEARCH_PATHS = (
					"$(inherited)",
					"@executable_path/Frameworks",
				);
				MARKETING_VERSION = 1.0;
				PRODUCT_BUNDLE_IDENTIFIER = work.d128.CombineSample;
				PRODUCT_NAME = "$(TARGET_NAME)";
				SWIFT_EMIT_LOC_STRINGS = YES;
				SWIFT_VERSION = 5.0;
				TARGETED_DEVICE_FAMILY = "1,2";
			};
			name = Release;
		};
/* End XCBuildConfiguration section */

/* Begin XCConfigurationList section */
		9E63411427771B38007652B7 /* Build configuration list for PBXProject "CombineSample" */ = {
			isa = XCConfigurationList;
			buildConfigurations = (
				9E63412B27771B40007652B7 /* Debug */,
				9E63412C27771B40007652B7 /* Release */,
			);
			defaultConfigurationIsVisible = 0;
			defaultConfigurationName = Release;
		};
		9E63412D27771B40007652B7 /* Build configuration list for PBXNativeTarget "CombineSample" */ = {
			isa = XCConfigurationList;
			buildConfigurations = (
				9E63412E27771B40007652B7 /* Debug */,
				9E63412F27771B40007652B7 /* Release */,
			);
			defaultConfigurationIsVisible = 0;
			defaultConfigurationName = Release;
		};
/* End XCConfigurationList section */

/* Begin XCRemoteSwiftPackageReference section */
		9E63415827776C88007652B7 /* XCRemoteSwiftPackageReference "CombineAction" */ = {
			isa = XCRemoteSwiftPackageReference;
			repositoryURL = "https://github.com/nisin/CombineAction.swift";
			requirement = {
				branch = main;
				kind = branch;
			};
		};
/* End XCRemoteSwiftPackageReference section */

/* Begin XCSwiftPackageProductDependency section */
		9E63415927776C88007652B7 /* CombineAction */ = {
			isa = XCSwiftPackageProductDependency;
			package = 9E63415827776C88007652B7 /* XCRemoteSwiftPackageReference "CombineAction" */;
			productName = CombineAction;
		};
/* End XCSwiftPackageProductDependency section */
	};
	rootObject = 9E63411127771B38007652B7 /* Project object */;
}
