PODS:
  - Alamofire (5.4.4)
  - KRActivityIndicatorView (3.0.7)
  - KRProgressHUD (3.4.7):
    - KRActivityIndicatorView (= 3.0.7)
  - Moya/Combine (15.0.0):
    - Moya/Core
  - Moya/Core (15.0.0):
    - Alamofire (~> 5.0)
  - SwiftFormat/CLI (0.48.18)

DEPENDENCIES:
  - KRProgressHUD
  - Moya/Combine
  - SwiftFormat/CLI

SPEC REPOS:
  trunk:
    - Alamofire
    - KRActivityIndicatorView
    - KRProgressHUD
    - Moya
    - SwiftFormat

SPEC CHECKSUMS:
  Alamofire: f3b09a368f1582ab751b3fff5460276e0d2cf5c9
  KRActivityIndicatorView: ad69e89c4ce40c986cf580595be4829dcad0e35a
  KRProgressHUD: a248f0bc6c9c2aed40a37b76e03ffecc7f85c887
  Moya: 138f0573e53411fb3dc17016add0b748dfbd78ee
  SwiftFormat: 7dd2b33a0a3d61095b61c911b6d89ff962ae695c

PODFILE CHECKSUM: 8fbd1ab48894e042a2cca12114670df69756b985

COCOAPODS: 1.11.2
