PODS:
  - Alamofire (5.4.4)
  - KRActivityIndicatorView (3.0.7)
  - KRProgressHUD (3.4.7):
    - KRActivityIndicatorView (= 3.0.7)
  - Moya/Core (15.0.0):
    - Alamofire (~> 5.0)
  - Moya/ReactiveSwift (15.0.0):
    - Moya/Core
    - ReactiveSwift (~> 6.6.1)
  - ReactiveCocoa (11.2.2):
    - ReactiveSwift (~> 6.6)
  - ReactiveSwift (6.6.1)

DEPENDENCIES:
  - KRProgressHUD
  - Moya/ReactiveSwift
  - ReactiveCocoa
  - ReactiveSwift

SPEC REPOS:
  trunk:
    - Alamofire
    - KRActivityIndicatorView
    - KRProgressHUD
    - Moya
    - ReactiveCocoa
    - ReactiveSwift

SPEC CHECKSUMS:
  Alamofire: f3b09a368f1582ab751b3fff5460276e0d2cf5c9
  KRActivityIndicatorView: ad69e89c4ce40c986cf580595be4829dcad0e35a
  KRProgressHUD: a248f0bc6c9c2aed40a37b76e03ffecc7f85c887
  Moya: 138f0573e53411fb3dc17016add0b748dfbd78ee
  ReactiveCocoa: e539cd41c523c8c80851b88e9723235c933b024b
  ReactiveSwift: fab34244ad908808dc822bae352a058c8837c4ca

PODFILE CHECKSUM: e0090beb77a5a8a330d783db038b4b05e5ce0c53

COCOAPODS: 1.11.2
